
Microsoft Visual Studio Solution File, Format Version 12.00
# Visual Studio Version 16
VisualStudioVersion = 16.0.28803.352
MinimumVisualStudioVersion = 10.0.40219.1
Project("{9A19103F-16F7-4668-BE54-9A1E7A4F7556}") = "loc0NetMatrixClient", "loc0NetMatrixClient\loc0NetMatrixClient.csproj", "{2085218F-5C5D-47AB-B903-053E9981DE1C}"
EndProject
Project("{9A19103F-16F7-4668-BE54-9A1E7A4F7556}") = "MatrixCientDev", "..\..\..\MatrixCientDev\MatrixCientDev\MatrixCientDev.csproj", "{7724E3C1-901F-4297-9B2B-101CF9E5EDA5}"
EndProject
Global
	GlobalSection(SolutionConfigurationPlatforms) = preSolution
		Debug|Any CPU = Debug|Any CPU
		Release|Any CPU = Release|Any CPU
	EndGlobalSection
	GlobalSection(ProjectConfigurationPlatforms) = postSolution
		{2085218F-5C5D-47AB-B903-053E9981DE1C}.Debug|Any CPU.ActiveCfg = Debug|Any CPU
		{2085218F-5C5D-47AB-B903-053E9981DE1C}.Debug|Any CPU.Build.0 = Debug|Any CPU
		{2085218F-5C5D-47AB-B903-053E9981DE1C}.Release|Any CPU.ActiveCfg = Release|Any CPU
		{2085218F-5C5D-47AB-B903-053E9981DE1C}.Release|Any CPU.Build.0 = Release|Any CPU
		{7724E3C1-901F-4297-9B2B-101CF9E5EDA5}.Debug|Any CPU.ActiveCfg = Debug|Any CPU
		{7724E3C1-901F-4297-9B2B-101CF9E5EDA5}.Debug|Any CPU.Build.0 = Debug|Any CPU
		{7724E3C1-901F-4297-9B2B-101CF9E5EDA5}.Release|Any CPU.ActiveCfg = Release|Any CPU
		{7724E3C1-901F-4297-9B2B-101CF9E5EDA5}.Release|Any CPU.Build.0 = Release|Any CPU
	EndGlobalSection
	GlobalSection(SolutionProperties) = preSolution
		HideSolutionNode = FALSE
	EndGlobalSection
	GlobalSection(ExtensibilityGlobals) = postSolution
		SolutionGuid = {C752A29A-3EC9-4808-BD79-57DC8B46059D}
	EndGlobalSection
EndGlobal
